
Microsoft Visual Studio Solution File, Format Version 12.00
# Visual Studio Version 16
VisualStudioVersion = 16.0.29009.5
MinimumVisualStudioVersion = 10.0.40219.1
Project("{FAE04EC0-301F-11D3-BF4B-00C04F79EFBC}") = "Ex1", "Ex1\Ex1.csproj", "{4D04FB67-837E-42D6-936E-1F2D5E145F43}"
EndProject
Global
	GlobalSection(SolutionConfigurationPlatforms) = preSolution
		Debug|Any CPU = Debug|Any CPU
		Release|Any CPU = Release|Any CPU
	EndGlobalSection
	GlobalSection(ProjectConfigurationPlatforms) = postSolution
		{4D04FB67-837E-42D6-936E-1F2D5E145F43}.Debug|Any CPU.ActiveCfg = Debug|Any CPU
		{4D04FB67-837E-42D6-936E-1F2D5E145F43}.Debug|Any CPU.Build.0 = Debug|Any CPU
		{4D04FB67-837E-42D6-936E-1F2D5E145F43}.Release|Any CPU.ActiveCfg = Release|Any CPU
		{4D04FB67-837E-42D6-936E-1F2D5E145F43}.Release|Any CPU.Build.0 = Release|Any CPU
	EndGlobalSection
	GlobalSection(SolutionProperties) = preSolution
		HideSolutionNode = FALSE
	EndGlobalSection
	GlobalSection(ExtensibilityGlobals) = postSolution
		SolutionGuid = {BD366E6A-BF24-429A-A04C-2DE1C69ED04D}
	EndGlobalSection
EndGlobal
